
Microsoft Visual Studio Solution File, Format Version 12.00
# Visual Studio Version 17
VisualStudioVersion = 17.14.36127.28
MinimumVisualStudioVersion = 10.0.40219.1
Project("{FAE04EC0-301F-11D3-BF4B-00C04F79EFBC}") = "AILib", "AILib\AILib.csproj", "{49DF4643-1FC9-1BE6-4E8C-88B85E944C7A}"
EndProject
Project("{FAE04EC0-301F-11D3-BF4B-00C04F79EFBC}") = "AILibTest", "AILibTest\AILibTest.csproj", "{2E022CF7-50C2-A53E-A499-A6ACC8123F66}"
EndProject
Project("{FAE04EC0-301F-11D3-BF4B-00C04F79EFBC}") = "Black.Beard.Configurations", "Black.Beard.Configurations\Black.Beard.Configurations.csproj", "{903EE622-82CE-4868-8696-5665C7A66B6C}"
EndProject
Global
	GlobalSection(SolutionConfigurationPlatforms) = preSolution
		Debug|Any CPU = Debug|Any CPU
		Release|Any CPU = Release|Any CPU
	EndGlobalSection
	GlobalSection(ProjectConfigurationPlatforms) = postSolution
		{49DF4643-1FC9-1BE6-4E8C-88B85E944C7A}.Debug|Any CPU.ActiveCfg = Debug|Any CPU
		{49DF4643-1FC9-1BE6-4E8C-88B85E944C7A}.Debug|Any CPU.Build.0 = Debug|Any CPU
		{49DF4643-1FC9-1BE6-4E8C-88B85E944C7A}.Release|Any CPU.ActiveCfg = Release|Any CPU
		{49DF4643-1FC9-1BE6-4E8C-88B85E944C7A}.Release|Any CPU.Build.0 = Release|Any CPU
		{2E022CF7-50C2-A53E-A499-A6ACC8123F66}.Debug|Any CPU.ActiveCfg = Debug|Any CPU
		{2E022CF7-50C2-A53E-A499-A6ACC8123F66}.Debug|Any CPU.Build.0 = Debug|Any CPU
		{2E022CF7-50C2-A53E-A499-A6ACC8123F66}.Release|Any CPU.ActiveCfg = Release|Any CPU
		{2E022CF7-50C2-A53E-A499-A6ACC8123F66}.Release|Any CPU.Build.0 = Release|Any CPU
		{903EE622-82CE-4868-8696-5665C7A66B6C}.Debug|Any CPU.ActiveCfg = Debug|Any CPU
		{903EE622-82CE-4868-8696-5665C7A66B6C}.Debug|Any CPU.Build.0 = Debug|Any CPU
		{903EE622-82CE-4868-8696-5665C7A66B6C}.Release|Any CPU.ActiveCfg = Release|Any CPU
		{903EE622-82CE-4868-8696-5665C7A66B6C}.Release|Any CPU.Build.0 = Release|Any CPU
	EndGlobalSection
	GlobalSection(SolutionProperties) = preSolution
		HideSolutionNode = FALSE
	EndGlobalSection
	GlobalSection(ExtensibilityGlobals) = postSolution
		SolutionGuid = {AA284111-73BF-46E5-9AA6-A3BDC9143420}
	EndGlobalSection
EndGlobal
